{
  "originHash" : "d44ba4549be32950e73a028de15bb5049b32e7fa95efa8e2498df5ced1873deb",
  "pins" : [
    {
      "identity" : "swift-syntax",
      "kind" : "remoteSourceControl",
      "location" : "git@github.com:swiftlang/swift-syntax",
      "state" : {
        "branch" : "601.0.1",
        "revision" : "f99ae8aa18f0cf0d53481901f88a0991dc3bd4a2"
      }
    }
  ],
  "version" : 3
}
